// !$*UTF8*$!
{
	archiveVersion = 1;
	classes = {
	};
	objectVersion = 56;
	objects = {

/* Begin PBXBuildFile section */
		D982F7592B0535FE0064EA57 /* SlayChatApp.swift in Sources */ = {isa = PBXBuildFile; fileRef = D982F7582B0535FE0064EA57 /* SlayChatApp.swift */; };
		D982F75B2B0535FE0064EA57 /* LoginView.swift in Sources */ = {isa = PBXBuildFile; fileRef = D982F75A2B0535FE0064EA57 /* LoginView.swift */; };
		D982F75D2B0535FF0064EA57 /* Assets.xcassets in Resources */ = {isa = PBXBuildFile; fileRef = D982F75C2B0535FF0064EA57 /* Assets.xcassets */; };
		D982F7602B0535FF0064EA57 /* Preview Assets.xcassets in Resources */ = {isa = PBXBuildFile; fileRef = D982F75F2B0535FF0064EA57 /* Preview Assets.xcassets */; };
		D982F76A2B0535FF0064EA57 /* SlayChatTests.swift in Sources */ = {isa = PBXBuildFile; fileRef = D982F7692B0535FF0064EA57 /* SlayChatTests.swift */; };
		D982F78B2B053B330064EA57 /* LargeCapsuleBorderedProminentButtonStyle.swift in Sources */ = {isa = PBXBuildFile; fileRef = D982F78A2B053B330064EA57 /* LargeCapsuleBorderedProminentButtonStyle.swift */; };
		D982F78E2B053D7E0064EA57 /* CreateNewAccountView.swift in Sources */ = {isa = PBXBuildFile; fileRef = D982F78D2B053D7E0064EA57 /* CreateNewAccountView.swift */; };
		D982F7902B053DED0064EA57 /* MainView.swift in Sources */ = {isa = PBXBuildFile; fileRef = D982F78F2B053DED0064EA57 /* MainView.swift */; };
/* End PBXBuildFile section */

/* Begin PBXContainerItemProxy section */
		D982F7662B0535FF0064EA57 /* PBXContainerItemProxy */ = {
			isa = PBXContainerItemProxy;
			containerPortal = D982F74D2B0535FE0064EA57 /* Project object */;
			proxyType = 1;
			remoteGlobalIDString = D982F7542B0535FE0064EA57;
			remoteInfo = SlayChat;
		};
		D982F7702B0535FF0064EA57 /* PBXContainerItemProxy */ = {
			isa = PBXContainerItemProxy;
			containerPortal = D982F74D2B0535FE0064EA57 /* Project object */;
			proxyType = 1;
			remoteGlobalIDString = D982F7542B0535FE0064EA57;
			remoteInfo = SlayChat;
		};
/* End PBXContainerItemProxy section */

/* Begin PBXFileReference section */
		D982F7552B0535FE0064EA57 /* SlayChat.app */ = {isa = PBXFileReference; explicitFileType = wrapper.application; includeInIndex = 0; path = SlayChat.app; sourceTree = BUILT_PRODUCTS_DIR; };
		D982F7582B0535FE0064EA57 /* SlayChatApp.swift */ = {isa = PBXFileReference; lastKnownFileType = sourcecode.swift; path = SlayChatApp.swift; sourceTree = "<group>"; };
		D982F75A2B0535FE0064EA57 /* LoginView.swift */ = {isa = PBXFileReference; lastKnownFileType = sourcecode.swift; path = LoginView.swift; sourceTree = "<group>"; };
		D982F75C2B0535FF0064EA57 /* Assets.xcassets */ = {isa = PBXFileReference; lastKnownFileType = folder.assetcatalog; path = Assets.xcassets; sourceTree = "<group>"; };
		D982F75F2B0535FF0064EA57 /* Preview Assets.xcassets */ = {isa = PBXFileReference; lastKnownFileType = folder.assetcatalog; path = "Preview Assets.xcassets"; sourceTree = "<group>"; };
		D982F7652B0535FF0064EA57 /* SlayChatTests.xctest */ = {isa = PBXFileReference; explicitFileType = wrapper.cfbundle; includeInIndex = 0; path = SlayChatTests.xctest; sourceTree = BUILT_PRODUCTS_DIR; };
		D982F7692B0535FF0064EA57 /* SlayChatTests.swift */ = {isa = PBXFileReference; lastKnownFileType = sourcecode.swift; path = SlayChatTests.swift; sourceTree = "<group>"; };
		D982F76F2B0535FF0064EA57 /* SlayChatUITests.xctest */ = {isa = PBXFileReference; explicitFileType = wrapper.cfbundle; includeInIndex = 0; path = SlayChatUITests.xctest; sourceTree = BUILT_PRODUCTS_DIR; };
		D982F78A2B053B330064EA57 /* LargeCapsuleBorderedProminentButtonStyle.swift */ = {isa = PBXFileReference; lastKnownFileType = sourcecode.swift; path = LargeCapsuleBorderedProminentButtonStyle.swift; sourceTree = "<group>"; };
		D982F78D2B053D7E0064EA57 /* CreateNewAccountView.swift */ = {isa = PBXFileReference; lastKnownFileType = sourcecode.swift; path = CreateNewAccountView.swift; sourceTree = "<group>"; };
		D982F78F2B053DED0064EA57 /* MainView.swift */ = {isa = PBXFileReference; lastKnownFileType = sourcecode.swift; path = MainView.swift; sourceTree = "<group>"; };
/* End PBXFileReference section */

/* Begin PBXFrameworksBuildPhase section */
		D982F7522B0535FE0064EA57 /* Frameworks */ = {
			isa = PBXFrameworksBuildPhase;
			buildActionMask = 2147483647;
			files = (
			);
			runOnlyForDeploymentPostprocessing = 0;
		};
		D982F7622B0535FF0064EA57 /* Frameworks */ = {
			isa = PBXFrameworksBuildPhase;
			buildActionMask = 2147483647;
			files = (
			);
			runOnlyForDeploymentPostprocessing = 0;
		};
		D982F76C2B0535FF0064EA57 /* Frameworks */ = {
			isa = PBXFrameworksBuildPhase;
			buildActionMask = 2147483647;
			files = (
			);
			runOnlyForDeploymentPostprocessing = 0;
		};
/* End PBXFrameworksBuildPhase section */

/* Begin PBXGroup section */
		D982F74C2B0535FE0064EA57 = {
			isa = PBXGroup;
			children = (
				D982F7572B0535FE0064EA57 /* SlayChat */,
				D982F7682B0535FF0064EA57 /* SlayChatTests */,
				D982F7562B0535FE0064EA57 /* Products */,
			);
			sourceTree = "<group>";
		};
		D982F7562B0535FE0064EA57 /* Products */ = {
			isa = PBXGroup;
			children = (
				D982F7552B0535FE0064EA57 /* SlayChat.app */,
				D982F7652B0535FF0064EA57 /* SlayChatTests.xctest */,
				D982F76F2B0535FF0064EA57 /* SlayChatUITests.xctest */,
			);
			name = Products;
			sourceTree = "<group>";
		};
		D982F7572B0535FE0064EA57 /* SlayChat */ = {
			isa = PBXGroup;
			children = (
				D982F7822B05373F0064EA57 /* Sources */,
				D982F7832B05374A0064EA57 /* Resources */,
			);
			path = SlayChat;
			sourceTree = "<group>";
		};
		D982F75E2B0535FF0064EA57 /* Preview Content */ = {
			isa = PBXGroup;
			children = (
				D982F75F2B0535FF0064EA57 /* Preview Assets.xcassets */,
			);
			path = "Preview Content";
			sourceTree = "<group>";
		};
		D982F7682B0535FF0064EA57 /* SlayChatTests */ = {
			isa = PBXGroup;
			children = (
				D982F7692B0535FF0064EA57 /* SlayChatTests.swift */,
			);
			path = SlayChatTests;
			sourceTree = "<group>";
		};
		D982F7822B05373F0064EA57 /* Sources */ = {
			isa = PBXGroup;
			children = (
				D982F7842B0537830064EA57 /* Features */,
				D982F7892B053B1C0064EA57 /* ViewModifiers */,
				D982F7852B05378A0064EA57 /* AppSupport */,
			);
			path = Sources;
			sourceTree = "<group>";
		};
		D982F7832B05374A0064EA57 /* Resources */ = {
			isa = PBXGroup;
			children = (
				D982F75C2B0535FF0064EA57 /* Assets.xcassets */,
				D982F75E2B0535FF0064EA57 /* Preview Content */,
			);
			path = Resources;
			sourceTree = "<group>";
		};
		D982F7842B0537830064EA57 /* Features */ = {
			isa = PBXGroup;
			children = (
				D982F78F2B053DED0064EA57 /* MainView.swift */,
				D982F7862B05379E0064EA57 /* Login */,
				D982F78C2B053D690064EA57 /* CreateAnAccount */,
				D982F7872B0537A40064EA57 /* ChatList */,
				D982F7882B0537AC0064EA57 /* ChatView */,
			);
			path = Features;
			sourceTree = "<group>";
		};
		D982F7852B05378A0064EA57 /* AppSupport */ = {
			isa = PBXGroup;
			children = (
				D982F7582B0535FE0064EA57 /* SlayChatApp.swift */,
			);
			path = AppSupport;
			sourceTree = "<group>";
		};
		D982F7862B05379E0064EA57 /* Login */ = {
			isa = PBXGroup;
			children = (
				D982F75A2B0535FE0064EA57 /* LoginView.swift */,
			);
			path = Login;
			sourceTree = "<group>";
		};
		D982F7872B0537A40064EA57 /* ChatList */ = {
			isa = PBXGroup;
			children = (
			);
			path = ChatList;
			sourceTree = "<group>";
		};
		D982F7882B0537AC0064EA57 /* ChatView */ = {
			isa = PBXGroup;
			children = (
			);
			path = ChatView;
			sourceTree = "<group>";
		};
		D982F7892B053B1C0064EA57 /* ViewModifiers */ = {
			isa = PBXGroup;
			children = (
				D982F78A2B053B330064EA57 /* LargeCapsuleBorderedProminentButtonStyle.swift */,
			);
			path = ViewModifiers;
			sourceTree = "<group>";
		};
		D982F78C2B053D690064EA57 /* CreateAnAccount */ = {
			isa = PBXGroup;
			children = (
				D982F78D2B053D7E0064EA57 /* CreateNewAccountView.swift */,
			);
			path = CreateAnAccount;
			sourceTree = "<group>";
		};
/* End PBXGroup section */

/* Begin PBXNativeTarget section */
		D982F7542B0535FE0064EA57 /* SlayChat */ = {
			isa = PBXNativeTarget;
			buildConfigurationList = D982F7792B0535FF0064EA57 /* Build configuration list for PBXNativeTarget "SlayChat" */;
			buildPhases = (
				D982F7512B0535FE0064EA57 /* Sources */,
				D982F7522B0535FE0064EA57 /* Frameworks */,
				D982F7532B0535FE0064EA57 /* Resources */,
			);
			buildRules = (
			);
			dependencies = (
			);
			name = SlayChat;
			productName = SlayChat;
			productReference = D982F7552B0535FE0064EA57 /* SlayChat.app */;
			productType = "com.apple.product-type.application";
		};
		D982F7642B0535FF0064EA57 /* SlayChatTests */ = {
			isa = PBXNativeTarget;
			buildConfigurationList = D982F77C2B0535FF0064EA57 /* Build configuration list for PBXNativeTarget "SlayChatTests" */;
			buildPhases = (
				D982F7612B0535FF0064EA57 /* Sources */,
				D982F7622B0535FF0064EA57 /* Frameworks */,
				D982F7632B0535FF0064EA57 /* Resources */,
			);
			buildRules = (
			);
			dependencies = (
				D982F7672B0535FF0064EA57 /* PBXTargetDependency */,
			);
			name = SlayChatTests;
			productName = SlayChatTests;
			productReference = D982F7652B0535FF0064EA57 /* SlayChatTests.xctest */;
			productType = "com.apple.product-type.bundle.unit-test";
		};
		D982F76E2B0535FF0064EA57 /* SlayChatUITests */ = {
			isa = PBXNativeTarget;
			buildConfigurationList = D982F77F2B0535FF0064EA57 /* Build configuration list for PBXNativeTarget "SlayChatUITests" */;
			buildPhases = (
				D982F76B2B0535FF0064EA57 /* Sources */,
				D982F76C2B0535FF0064EA57 /* Frameworks */,
				D982F76D2B0535FF0064EA57 /* Resources */,
			);
			buildRules = (
			);
			dependencies = (
				D982F7712B0535FF0064EA57 /* PBXTargetDependency */,
			);
			name = SlayChatUITests;
			productName = SlayChatUITests;
			productReference = D982F76F2B0535FF0064EA57 /* SlayChatUITests.xctest */;
			productType = "com.apple.product-type.bundle.ui-testing";
		};
/* End PBXNativeTarget section */

/* Begin PBXProject section */
		D982F74D2B0535FE0064EA57 /* Project object */ = {
			isa = PBXProject;
			attributes = {
				BuildIndependentTargetsInParallel = 1;
				LastSwiftUpdateCheck = 1500;
				LastUpgradeCheck = 1500;
				TargetAttributes = {
					D982F7542B0535FE0064EA57 = {
						CreatedOnToolsVersion = 15.0.1;
					};
					D982F7642B0535FF0064EA57 = {
						CreatedOnToolsVersion = 15.0.1;
						TestTargetID = D982F7542B0535FE0064EA57;
					};
					D982F76E2B0535FF0064EA57 = {
						CreatedOnToolsVersion = 15.0.1;
						TestTargetID = D982F7542B0535FE0064EA57;
					};
				};
			};
			buildConfigurationList = D982F7502B0535FE0064EA57 /* Build configuration list for PBXProject "SlayChat" */;
			compatibilityVersion = "Xcode 14.0";
			developmentRegion = en;
			hasScannedForEncodings = 0;
			knownRegions = (
				en,
				Base,
			);
			mainGroup = D982F74C2B0535FE0064EA57;
			productRefGroup = D982F7562B0535FE0064EA57 /* Products */;
			projectDirPath = "";
			projectRoot = "";
			targets = (
				D982F7542B0535FE0064EA57 /* SlayChat */,
				D982F7642B0535FF0064EA57 /* SlayChatTests */,
				D982F76E2B0535FF0064EA57 /* SlayChatUITests */,
			);
		};
/* End PBXProject section */

/* Begin PBXResourcesBuildPhase section */
		D982F7532B0535FE0064EA57 /* Resources */ = {
			isa = PBXResourcesBuildPhase;
			buildActionMask = 2147483647;
			files = (
				D982F7602B0535FF0064EA57 /* Preview Assets.xcassets in Resources */,
				D982F75D2B0535FF0064EA57 /* Assets.xcassets in Resources */,
			);
			runOnlyForDeploymentPostprocessing = 0;
		};
		D982F7632B0535FF0064EA57 /* Resources */ = {
			isa = PBXResourcesBuildPhase;
			buildActionMask = 2147483647;
			files = (
			);
			runOnlyForDeploymentPostprocessing = 0;
		};
		D982F76D2B0535FF0064EA57 /* Resources */ = {
			isa = PBXResourcesBuildPhase;
			buildActionMask = 2147483647;
			files = (
			);
			runOnlyForDeploymentPostprocessing = 0;
		};
/* End PBXResourcesBuildPhase section */

/* Begin PBXSourcesBuildPhase section */
		D982F7512B0535FE0064EA57 /* Sources */ = {
			isa = PBXSourcesBuildPhase;
			buildActionMask = 2147483647;
			files = (
				D982F78B2B053B330064EA57 /* LargeCapsuleBorderedProminentButtonStyle.swift in Sources */,
				D982F75B2B0535FE0064EA57 /* LoginView.swift in Sources */,
				D982F7592B0535FE0064EA57 /* SlayChatApp.swift in Sources */,
				D982F7902B053DED0064EA57 /* MainView.swift in Sources */,
				D982F78E2B053D7E0064EA57 /* CreateNewAccountView.swift in Sources */,
			);
			runOnlyForDeploymentPostprocessing = 0;
		};
		D982F7612B0535FF0064EA57 /* Sources */ = {
			isa = PBXSourcesBuildPhase;
			buildActionMask = 2147483647;
			files = (
				D982F76A2B0535FF0064EA57 /* SlayChatTests.swift in Sources */,
			);
			runOnlyForDeploymentPostprocessing = 0;
		};
		D982F76B2B0535FF0064EA57 /* Sources */ = {
			isa = PBXSourcesBuildPhase;
			buildActionMask = 2147483647;
			files = (
			);
			runOnlyForDeploymentPostprocessing = 0;
		};
/* End PBXSourcesBuildPhase section */

/* Begin PBXTargetDependency section */
		D982F7672B0535FF0064EA57 /* PBXTargetDependency */ = {
			isa = PBXTargetDependency;
			target = D982F7542B0535FE0064EA57 /* SlayChat */;
			targetProxy = D982F7662B0535FF0064EA57 /* PBXContainerItemProxy */;
		};
		D982F7712B0535FF0064EA57 /* PBXTargetDependency */ = {
			isa = PBXTargetDependency;
			target = D982F7542B0535FE0064EA57 /* SlayChat */;
			targetProxy = D982F7702B0535FF0064EA57 /* PBXContainerItemProxy */;
		};
/* End PBXTargetDependency section */

/* Begin XCBuildConfiguration section */
		D982F7772B0535FF0064EA57 /* Debug */ = {
			isa = XCBuildConfiguration;
			buildSettings = {
				ALWAYS_SEARCH_USER_PATHS = NO;
				ASSETCATALOG_COMPILER_GENERATE_SWIFT_ASSET_SYMBOL_EXTENSIONS = YES;
				CLANG_ANALYZER_NONNULL = YES;
				CLANG_ANALYZER_NUMBER_OBJECT_CONVERSION = YES_AGGRESSIVE;
				CLANG_CXX_LANGUAGE_STANDARD = "gnu++20";
				CLANG_ENABLE_MODULES = YES;
				CLANG_ENABLE_OBJC_ARC = YES;
				CLANG_ENABLE_OBJC_WEAK = YES;
				CLANG_WARN_BLOCK_CAPTURE_AUTORELEASING = YES;
				CLANG_WARN_BOOL_CONVERSION = YES;
				CLANG_WARN_COMMA = YES;
				CLANG_WARN_CONSTANT_CONVERSION = YES;
				CLANG_WARN_DEPRECATED_OBJC_IMPLEMENTATIONS = YES;
				CLANG_WARN_DIRECT_OBJC_ISA_USAGE = YES_ERROR;
				CLANG_WARN_DOCUMENTATION_COMMENTS = YES;
				CLANG_WARN_EMPTY_BODY = YES;
				CLANG_WARN_ENUM_CONVERSION = YES;
				CLANG_WARN_INFINITE_RECURSION = YES;
				CLANG_WARN_INT_CONVERSION = YES;
				CLANG_WARN_NON_LITERAL_NULL_CONVERSION = YES;
				CLANG_WARN_OBJC_IMPLICIT_RETAIN_SELF = YES;
				CLANG_WARN_OBJC_LITERAL_CONVERSION = YES;
				CLANG_WARN_OBJC_ROOT_CLASS = YES_ERROR;
				CLANG_WARN_QUOTED_INCLUDE_IN_FRAMEWORK_HEADER = YES;
				CLANG_WARN_RANGE_LOOP_ANALYSIS = YES;
				CLANG_WARN_STRICT_PROTOTYPES = YES;
				CLANG_WARN_SUSPICIOUS_MOVE = YES;
				CLANG_WARN_UNGUARDED_AVAILABILITY = YES_AGGRESSIVE;
				CLANG_WARN_UNREACHABLE_CODE = YES;
				CLANG_WARN__DUPLICATE_METHOD_MATCH = YES;
				COPY_PHASE_STRIP = NO;
				DEBUG_INFORMATION_FORMAT = dwarf;
				ENABLE_STRICT_OBJC_MSGSEND = YES;
				ENABLE_TESTABILITY = YES;
				ENABLE_USER_SCRIPT_SANDBOXING = YES;
				GCC_C_LANGUAGE_STANDARD = gnu17;
				GCC_DYNAMIC_NO_PIC = NO;
				GCC_NO_COMMON_BLOCKS = YES;
				GCC_OPTIMIZATION_LEVEL = 0;
				GCC_PREPROCESSOR_DEFINITIONS = (
					"DEBUG=1",
					"$(inherited)",
				);
				GCC_WARN_64_TO_32_BIT_CONVERSION = YES;
				GCC_WARN_ABOUT_RETURN_TYPE = YES_ERROR;
				GCC_WARN_UNDECLARED_SELECTOR = YES;
				GCC_WARN_UNINITIALIZED_AUTOS = YES_AGGRESSIVE;
				GCC_WARN_UNUSED_FUNCTION = YES;
				GCC_WARN_UNUSED_VARIABLE = YES;
				IPHONEOS_DEPLOYMENT_TARGET = 17.0;
				LOCALIZATION_PREFERS_STRING_CATALOGS = YES;
				MTL_ENABLE_DEBUG_INFO = INCLUDE_SOURCE;
				MTL_FAST_MATH = YES;
				ONLY_ACTIVE_ARCH = YES;
				SDKROOT = iphoneos;
				SWIFT_ACTIVE_COMPILATION_CONDITIONS = "DEBUG $(inherited)";
				SWIFT_OPTIMIZATION_LEVEL = "-Onone";
			};
			name = Debug;
		};
		D982F7782B0535FF0064EA57 /* Release */ = {
			isa = XCBuildConfiguration;
			buildSettings = {
				ALWAYS_SEARCH_USER_PATHS = NO;
				ASSETCATALOG_COMPILER_GENERATE_SWIFT_ASSET_SYMBOL_EXTENSIONS = YES;
				CLANG_ANALYZER_NONNULL = YES;
				CLANG_ANALYZER_NUMBER_OBJECT_CONVERSION = YES_AGGRESSIVE;
				CLANG_CXX_LANGUAGE_STANDARD = "gnu++20";
				CLANG_ENABLE_MODULES = YES;
				CLANG_ENABLE_OBJC_ARC = YES;
				CLANG_ENABLE_OBJC_WEAK = YES;
				CLANG_WARN_BLOCK_CAPTURE_AUTORELEASING = YES;
				CLANG_WARN_BOOL_CONVERSION = YES;
				CLANG_WARN_COMMA = YES;
				CLANG_WARN_CONSTANT_CONVERSION = YES;
				CLANG_WARN_DEPRECATED_OBJC_IMPLEMENTATIONS = YES;
				CLANG_WARN_DIRECT_OBJC_ISA_USAGE = YES_ERROR;
				CLANG_WARN_DOCUMENTATION_COMMENTS = YES;
				CLANG_WARN_EMPTY_BODY = YES;
				CLANG_WARN_ENUM_CONVERSION = YES;
				CLANG_WARN_INFINITE_RECURSION = YES;
				CLANG_WARN_INT_CONVERSION = YES;
				CLANG_WARN_NON_LITERAL_NULL_CONVERSION = YES;
				CLANG_WARN_OBJC_IMPLICIT_RETAIN_SELF = YES;
				CLANG_WARN_OBJC_LITERAL_CONVERSION = YES;
				CLANG_WARN_OBJC_ROOT_CLASS = YES_ERROR;
				CLANG_WARN_QUOTED_INCLUDE_IN_FRAMEWORK_HEADER = YES;
				CLANG_WARN_RANGE_LOOP_ANALYSIS = YES;
				CLANG_WARN_STRICT_PROTOTYPES = YES;
				CLANG_WARN_SUSPICIOUS_MOVE = YES;
				CLANG_WARN_UNGUARDED_AVAILABILITY = YES_AGGRESSIVE;
				CLANG_WARN_UNREACHABLE_CODE = YES;
				CLANG_WARN__DUPLICATE_METHOD_MATCH = YES;
				COPY_PHASE_STRIP = NO;
				DEBUG_INFORMATION_FORMAT = "dwarf-with-dsym";
				ENABLE_NS_ASSERTIONS = NO;
				ENABLE_STRICT_OBJC_MSGSEND = YES;
				ENABLE_USER_SCRIPT_SANDBOXING = YES;
				GCC_C_LANGUAGE_STANDARD = gnu17;
				GCC_NO_COMMON_BLOCKS = YES;
				GCC_WARN_64_TO_32_BIT_CONVERSION = YES;
				GCC_WARN_ABOUT_RETURN_TYPE = YES_ERROR;
				GCC_WARN_UNDECLARED_SELECTOR = YES;
				GCC_WARN_UNINITIALIZED_AUTOS = YES_AGGRESSIVE;
				GCC_WARN_UNUSED_FUNCTION = YES;
				GCC_WARN_UNUSED_VARIABLE = YES;
				IPHONEOS_DEPLOYMENT_TARGET = 17.0;
				LOCALIZATION_PREFERS_STRING_CATALOGS = YES;
				MTL_ENABLE_DEBUG_INFO = NO;
				MTL_FAST_MATH = YES;
				SDKROOT = iphoneos;
				SWIFT_COMPILATION_MODE = wholemodule;
				VALIDATE_PRODUCT = YES;
			};
			name = Release;
		};
		D982F77A2B0535FF0064EA57 /* Debug */ = {
			isa = XCBuildConfiguration;
			buildSettings = {
				ASSETCATALOG_COMPILER_APPICON_NAME = AppIcon;
				ASSETCATALOG_COMPILER_GLOBAL_ACCENT_COLOR_NAME = AccentColor;
				CODE_SIGN_STYLE = Automatic;
				CURRENT_PROJECT_VERSION = 1;
				DEVELOPMENT_ASSET_PATHS = "\"SlayChat/Resources/Preview Content\"";
				DEVELOPMENT_TEAM = 452K36768R;
				ENABLE_PREVIEWS = YES;
				GENERATE_INFOPLIST_FILE = YES;
				INFOPLIST_KEY_UIApplicationSceneManifest_Generation = YES;
				INFOPLIST_KEY_UIApplicationSupportsIndirectInputEvents = YES;
				INFOPLIST_KEY_UILaunchScreen_Generation = YES;
				INFOPLIST_KEY_UISupportedInterfaceOrientations_iPad = "UIInterfaceOrientationPortrait UIInterfaceOrientationPortraitUpsideDown UIInterfaceOrientationLandscapeLeft UIInterfaceOrientationLandscapeRight";
				INFOPLIST_KEY_UISupportedInterfaceOrientations_iPhone = "UIInterfaceOrientationPortrait UIInterfaceOrientationLandscapeLeft UIInterfaceOrientationLandscapeRight";
				LD_RUNPATH_SEARCH_PATHS = (
					"$(inherited)",
					"@executable_path/Frameworks",
				);
				MARKETING_VERSION = 1.0;
				PRODUCT_BUNDLE_IDENTIFIER = com.rafaelschmitt.SlayChat;
				PRODUCT_NAME = "$(TARGET_NAME)";
				SWIFT_EMIT_LOC_STRINGS = YES;
				SWIFT_VERSION = 5.0;
				TARGETED_DEVICE_FAMILY = "1,2";
			};
			name = Debug;
		};
		D982F77B2B0535FF0064EA57 /* Release */ = {
			isa = XCBuildConfiguration;
			buildSettings = {
				ASSETCATALOG_COMPILER_APPICON_NAME = AppIcon;
				ASSETCATALOG_COMPILER_GLOBAL_ACCENT_COLOR_NAME = AccentColor;
				CODE_SIGN_STYLE = Automatic;
				CURRENT_PROJECT_VERSION = 1;
				DEVELOPMENT_ASSET_PATHS = "\"SlayChat/Resources/Preview Content\"";
				DEVELOPMENT_TEAM = 452K36768R;
				ENABLE_PREVIEWS = YES;
				GENERATE_INFOPLIST_FILE = YES;
				INFOPLIST_KEY_UIApplicationSceneManifest_Generation = YES;
				INFOPLIST_KEY_UIApplicationSupportsIndirectInputEvents = YES;
				INFOPLIST_KEY_UILaunchScreen_Generation = YES;
				INFOPLIST_KEY_UISupportedInterfaceOrientations_iPad = "UIInterfaceOrientationPortrait UIInterfaceOrientationPortraitUpsideDown UIInterfaceOrientationLandscapeLeft UIInterfaceOrientationLandscapeRight";
				INFOPLIST_KEY_UISupportedInterfaceOrientations_iPhone = "UIInterfaceOrientationPortrait UIInterfaceOrientationLandscapeLeft UIInterfaceOrientationLandscapeRight";
				LD_RUNPATH_SEARCH_PATHS = (
					"$(inherited)",
					"@executable_path/Frameworks",
				);
				MARKETING_VERSION = 1.0;
				PRODUCT_BUNDLE_IDENTIFIER = com.rafaelschmitt.SlayChat;
				PRODUCT_NAME = "$(TARGET_NAME)";
				SWIFT_EMIT_LOC_STRINGS = YES;
				SWIFT_VERSION = 5.0;
				TARGETED_DEVICE_FAMILY = "1,2";
			};
			name = Release;
		};
		D982F77D2B0535FF0064EA57 /* Debug */ = {
			isa = XCBuildConfiguration;
			buildSettings = {
				ALWAYS_EMBED_SWIFT_STANDARD_LIBRARIES = YES;
				BUNDLE_LOADER = "$(TEST_HOST)";
				CODE_SIGN_STYLE = Automatic;
				CURRENT_PROJECT_VERSION = 1;
				DEVELOPMENT_TEAM = 452K36768R;
				GENERATE_INFOPLIST_FILE = YES;
				IPHONEOS_DEPLOYMENT_TARGET = 17.0;
				MARKETING_VERSION = 1.0;
				PRODUCT_BUNDLE_IDENTIFIER = com.rafaelschmitt.SlayChatTests;
				PRODUCT_NAME = "$(TARGET_NAME)";
				SWIFT_EMIT_LOC_STRINGS = NO;
				SWIFT_VERSION = 5.0;
				TARGETED_DEVICE_FAMILY = "1,2";
				TEST_HOST = "$(BUILT_PRODUCTS_DIR)/SlayChat.app/$(BUNDLE_EXECUTABLE_FOLDER_PATH)/SlayChat";
			};
			name = Debug;
		};
		D982F77E2B0535FF0064EA57 /* Release */ = {
			isa = XCBuildConfiguration;
			buildSettings = {
				ALWAYS_EMBED_SWIFT_STANDARD_LIBRARIES = YES;
				BUNDLE_LOADER = "$(TEST_HOST)";
				CODE_SIGN_STYLE = Automatic;
				CURRENT_PROJECT_VERSION = 1;
				DEVELOPMENT_TEAM = 452K36768R;
				GENERATE_INFOPLIST_FILE = YES;
				IPHONEOS_DEPLOYMENT_TARGET = 17.0;
				MARKETING_VERSION = 1.0;
				PRODUCT_BUNDLE_IDENTIFIER = com.rafaelschmitt.SlayChatTests;
				PRODUCT_NAME = "$(TARGET_NAME)";
				SWIFT_EMIT_LOC_STRINGS = NO;
				SWIFT_VERSION = 5.0;
				TARGETED_DEVICE_FAMILY = "1,2";
				TEST_HOST = "$(BUILT_PRODUCTS_DIR)/SlayChat.app/$(BUNDLE_EXECUTABLE_FOLDER_PATH)/SlayChat";
			};
			name = Release;
		};
		D982F7802B0535FF0064EA57 /* Debug */ = {
			isa = XCBuildConfiguration;
			buildSettings = {
				ALWAYS_EMBED_SWIFT_STANDARD_LIBRARIES = YES;
				CODE_SIGN_STYLE = Automatic;
				CURRENT_PROJECT_VERSION = 1;
				DEVELOPMENT_TEAM = 452K36768R;
				GENERATE_INFOPLIST_FILE = YES;
				MARKETING_VERSION = 1.0;
				PRODUCT_BUNDLE_IDENTIFIER = com.rafaelschmitt.SlayChatUITests;
				PRODUCT_NAME = "$(TARGET_NAME)";
				SWIFT_EMIT_LOC_STRINGS = NO;
				SWIFT_VERSION = 5.0;
				TARGETED_DEVICE_FAMILY = "1,2";
				TEST_TARGET_NAME = SlayChat;
			};
			name = Debug;
		};
		D982F7812B0535FF0064EA57 /* Release */ = {
			isa = XCBuildConfiguration;
			buildSettings = {
				ALWAYS_EMBED_SWIFT_STANDARD_LIBRARIES = YES;
				CODE_SIGN_STYLE = Automatic;
				CURRENT_PROJECT_VERSION = 1;
				DEVELOPMENT_TEAM = 452K36768R;
				GENERATE_INFOPLIST_FILE = YES;
				MARKETING_VERSION = 1.0;
				PRODUCT_BUNDLE_IDENTIFIER = com.rafaelschmitt.SlayChatUITests;
				PRODUCT_NAME = "$(TARGET_NAME)";
				SWIFT_EMIT_LOC_STRINGS = NO;
				SWIFT_VERSION = 5.0;
				TARGETED_DEVICE_FAMILY = "1,2";
				TEST_TARGET_NAME = SlayChat;
			};
			name = Release;
		};
/* End XCBuildConfiguration section */

/* Begin XCConfigurationList section */
		D982F7502B0535FE0064EA57 /* Build configuration list for PBXProject "SlayChat" */ = {
			isa = XCConfigurationList;
			buildConfigurations = (
				D982F7772B0535FF0064EA57 /* Debug */,
				D982F7782B0535FF0064EA57 /* Release */,
			);
			defaultConfigurationIsVisible = 0;
			defaultConfigurationName = Release;
		};
		D982F7792B0535FF0064EA57 /* Build configuration list for PBXNativeTarget "SlayChat" */ = {
			isa = XCConfigurationList;
			buildConfigurations = (
				D982F77A2B0535FF0064EA57 /* Debug */,
				D982F77B2B0535FF0064EA57 /* Release */,
			);
			defaultConfigurationIsVisible = 0;
			defaultConfigurationName = Release;
		};
		D982F77C2B0535FF0064EA57 /* Build configuration list for PBXNativeTarget "SlayChatTests" */ = {
			isa = XCConfigurationList;
			buildConfigurations = (
				D982F77D2B0535FF0064EA57 /* Debug */,
				D982F77E2B0535FF0064EA57 /* Release */,
			);
			defaultConfigurationIsVisible = 0;
			defaultConfigurationName = Release;
		};
		D982F77F2B0535FF0064EA57 /* Build configuration list for PBXNativeTarget "SlayChatUITests" */ = {
			isa = XCConfigurationList;
			buildConfigurations = (
				D982F7802B0535FF0064EA57 /* Debug */,
				D982F7812B0535FF0064EA57 /* Release */,
			);
			defaultConfigurationIsVisible = 0;
			defaultConfigurationName = Release;
		};
/* End XCConfigurationList section */
	};
	rootObject = D982F74D2B0535FE0064EA57 /* Project object */;
}
